// !$*UTF8*$!
{
	archiveVersion = 1;
	classes = {
	};
	objectVersion = 46;
	objects = {

/* Begin PBXBuildFile section */
		4B7289C21C007A9100A61B18 /* AppDelegate.swift in Sources */ = {isa = PBXBuildFile; fileRef = 4B7289C11C007A9100A61B18 /* AppDelegate.swift */; };
		4B7289C41C007A9100A61B18 /* ViewController.swift in Sources */ = {isa = PBXBuildFile; fileRef = 4B7289C31C007A9100A61B18 /* ViewController.swift */; };
		4B7289C71C007A9100A61B18 /* Main.storyboard in Resources */ = {isa = PBXBuildFile; fileRef = 4B7289C51C007A9100A61B18 /* Main.storyboard */; };
		4B7289C91C007A9100A61B18 /* Assets.xcassets in Resources */ = {isa = PBXBuildFile; fileRef = 4B7289C81C007A9100A61B18 /* Assets.xcassets */; };
		4B7289CC1C007A9100A61B18 /* LaunchScreen.storyboard in Resources */ = {isa = PBXBuildFile; fileRef = 4B7289CA1C007A9100A61B18 /* LaunchScreen.storyboard */; };
		4B7289D41C007AAA00A61B18 /* TagListView.swift in Sources */ = {isa = PBXBuildFile; fileRef = 4B7289D31C007AAA00A61B18 /* TagListView.swift */; };
/* End PBXBuildFile section */

/* Begin PBXFileReference section */
		4B7289BE1C007A9100A61B18 /* OZTagListViewDemo.app */ = {isa = PBXFileReference; explicitFileType = wrapper.application; includeInIndex = 0; path = OZTagListViewDemo.app; sourceTree = BUILT_PRODUCTS_DIR; };
		4B7289C11C007A9100A61B18 /* AppDelegate.swift */ = {isa = PBXFileReference; lastKnownFileType = sourcecode.swift; path = AppDelegate.swift; sourceTree = "<group>"; };
		4B7289C31C007A9100A61B18 /* ViewController.swift */ = {isa = PBXFileReference; lastKnownFileType = sourcecode.swift; path = ViewController.swift; sourceTree = "<group>"; };
		4B7289C61C007A9100A61B18 /* Base */ = {isa = PBXFileReference; lastKnownFileType = file.storyboard; name = Base; path = Base.lproj/Main.storyboard; sourceTree = "<group>"; };
		4B7289C81C007A9100A61B18 /* Assets.xcassets */ = {isa = PBXFileReference; lastKnownFileType = folder.assetcatalog; path = Assets.xcassets; sourceTree = "<group>"; };
		4B7289CB1C007A9100A61B18 /* Base */ = {isa = PBXFileReference; lastKnownFileType = file.storyboard; name = Base; path = Base.lproj/LaunchScreen.storyboard; sourceTree = "<group>"; };
		4B7289CD1C007A9100A61B18 /* Info.plist */ = {isa = PBXFileReference; lastKnownFileType = text.plist.xml; path = Info.plist; sourceTree = "<group>"; };
		4B7289D31C007AAA00A61B18 /* TagListView.swift */ = {isa = PBXFileReference; fileEncoding = 4; lastKnownFileType = sourcecode.swift; path = TagListView.swift; sourceTree = "<group>"; };
/* End PBXFileReference section */

/* Begin PBXFrameworksBuildPhase section */
		4B7289BB1C007A9100A61B18 /* Frameworks */ = {
			isa = PBXFrameworksBuildPhase;
			buildActionMask = 2147483647;
			files = (
			);
			runOnlyForDeploymentPostprocessing = 0;
		};
/* End PBXFrameworksBuildPhase section */

/* Begin PBXGroup section */
		4B7289B51C007A9100A61B18 = {
			isa = PBXGroup;
			children = (
				4B7289C01C007A9100A61B18 /* OZTagListViewDemo */,
				4B7289BF1C007A9100A61B18 /* Products */,
			);
			sourceTree = "<group>";
		};
		4B7289BF1C007A9100A61B18 /* Products */ = {
			isa = PBXGroup;
			children = (
				4B7289BE1C007A9100A61B18 /* OZTagListViewDemo.app */,
			);
			name = Products;
			sourceTree = "<group>";
		};
		4B7289C01C007A9100A61B18 /* OZTagListViewDemo */ = {
			isa = PBXGroup;
			children = (
				4B7289C11C007A9100A61B18 /* AppDelegate.swift */,
				4B7289C31C007A9100A61B18 /* ViewController.swift */,
				4B7289C51C007A9100A61B18 /* Main.storyboard */,
				4B7289C81C007A9100A61B18 /* Assets.xcassets */,
				4B7289CA1C007A9100A61B18 /* LaunchScreen.storyboard */,
				4B7289CD1C007A9100A61B18 /* Info.plist */,
				4B7289D31C007AAA00A61B18 /* TagListView.swift */,
			);
			path = OZTagListViewDemo;
			sourceTree = "<group>";
		};
/* End PBXGroup section */

/* Begin PBXNativeTarget section */
		4B7289BD1C007A9100A61B18 /* OZTagListViewDemo */ = {
			isa = PBXNativeTarget;
			buildConfigurationList = 4B7289D01C007A9100A61B18 /* Build configuration list for PBXNativeTarget "OZTagListViewDemo" */;
			buildPhases = (
				4B7289BA1C007A9100A61B18 /* Sources */,
				4B7289BB1C007A9100A61B18 /* Frameworks */,
				4B7289BC1C007A9100A61B18 /* Resources */,
			);
			buildRules = (
			);
			dependencies = (
			);
			name = OZTagListViewDemo;
			productName = OZTagListViewDemo;
			productReference = 4B7289BE1C007A9100A61B18 /* OZTagListViewDemo.app */;
			productType = "com.apple.product-type.application";
		};
/* End PBXNativeTarget section */

/* Begin PBXProject section */
		4B7289B61C007A9100A61B18 /* Project object */ = {
			isa = PBXProject;
			attributes = {
				LastSwiftUpdateCheck = 0710;
				LastUpgradeCheck = 0710;
				ORGANIZATIONNAME = OskarZhang;
				TargetAttributes = {
					4B7289BD1C007A9100A61B18 = {
						CreatedOnToolsVersion = 7.1.1;
						LastSwiftMigration = 1020;
					};
				};
			};
			buildConfigurationList = 4B7289B91C007A9100A61B18 /* Build configuration list for PBXProject "OZTagListViewDemo" */;
			compatibilityVersion = "Xcode 3.2";
			developmentRegion = English;
			hasScannedForEncodings = 0;
			knownRegions = (
				English,
				en,
				Base,
			);
			mainGroup = 4B7289B51C007A9100A61B18;
			productRefGroup = 4B7289BF1C007A9100A61B18 /* Products */;
			projectDirPath = "";
			projectRoot = "";
			targets = (
				4B7289BD1C007A9100A61B18 /* OZTagListViewDemo */,
			);
		};
/* End PBXProject section */

/* Begin PBXResourcesBuildPhase section */
		4B7289BC1C007A9100A61B18 /* Resources */ = {
			isa = PBXResourcesBuildPhase;
			buildActionMask = 2147483647;
			files = (
				4B7289CC1C007A9100A61B18 /* LaunchScreen.storyboard in Resources */,
				4B7289C91C007A9100A61B18 /* Assets.xcassets in Resources */,
				4B7289C71C007A9100A61B18 /* Main.storyboard in Resources */,
			);
			runOnlyForDeploymentPostprocessing = 0;
		};
/* End PBXResourcesBuildPhase section */

/* Begin PBXSourcesBuildPhase section */
		4B7289BA1C007A9100A61B18 /* Sources */ = {
			isa = PBXSourcesBuildPhase;
			buildActionMask = 2147483647;
			files = (
				4B7289C41C007A9100A61B18 /* ViewController.swift in Sources */,
				4B7289D41C007AAA00A61B18 /* TagListView.swift in Sources */,
				4B7289C21C007A9100A61B18 /* AppDelegate.swift in Sources */,
			);
			runOnlyForDeploymentPostprocessing = 0;
		};
/* End PBXSourcesBuildPhase section */

/* Begin PBXVariantGroup section */
		4B7289C51C007A9100A61B18 /* Main.storyboard */ = {
			isa = PBXVariantGroup;
			children = (
				4B7289C61C007A9100A61B18 /* Base */,
			);
			name = Main.storyboard;
			sourceTree = "<group>";
		};
		4B7289CA1C007A9100A61B18 /* LaunchScreen.storyboard */ = {
			isa = PBXVariantGroup;
			children = (
				4B7289CB1C007A9100A61B18 /* Base */,
			);
			name = LaunchScreen.storyboard;
			sourceTree = "<group>";
		};
/* End PBXVariantGroup section */

/* Begin XCBuildConfiguration section */
		4B7289CE1C007A9100A61B18 /* Debug */ = {
			isa = XCBuildConfiguration;
			buildSettings = {
				ALWAYS_SEARCH_USER_PATHS = NO;
				CLANG_CXX_LANGUAGE_STANDARD = "gnu++0x";
				CLANG_CXX_LIBRARY = "libc++";
				CLANG_ENABLE_MODULES = YES;
				CLANG_ENABLE_OBJC_ARC = YES;
				CLANG_WARN_BOOL_CONVERSION = YES;
				CLANG_WARN_CONSTANT_CONVERSION = YES;
				CLANG_WARN_DIRECT_OBJC_ISA_USAGE = YES_ERROR;
				CLANG_WARN_EMPTY_BODY = YES;
				CLANG_WARN_ENUM_CONVERSION = YES;
				CLANG_WARN_INT_CONVERSION = YES;
				CLANG_WARN_OBJC_ROOT_CLASS = YES_ERROR;
				CLANG_WARN_UNREACHABLE_CODE = YES;
				CLANG_WARN__DUPLICATE_METHOD_MATCH = YES;
				"CODE_SIGN_IDENTITY[sdk=iphoneos*]" = "iPhone Developer";
				COPY_PHASE_STRIP = NO;
				DEBUG_INFORMATION_FORMAT = dwarf;
				ENABLE_STRICT_OBJC_MSGSEND = YES;
				ENABLE_TESTABILITY = YES;
				GCC_C_LANGUAGE_STANDARD = gnu99;
				GCC_DYNAMIC_NO_PIC = NO;
				GCC_NO_COMMON_BLOCKS = YES;
				GCC_OPTIMIZATION_LEVEL = 0;
				GCC_PREPROCESSOR_DEFINITIONS = (
					"DEBUG=1",
					"$(inherited)",
				);
				GCC_WARN_64_TO_32_BIT_CONVERSION = YES;
				GCC_WARN_ABOUT_RETURN_TYPE = YES_ERROR;
				GCC_WARN_UNDECLARED_SELECTOR = YES;
				GCC_WARN_UNINITIALIZED_AUTOS = YES_AGGRESSIVE;
				GCC_WARN_UNUSED_FUNCTION = YES;
				GCC_WARN_UNUSED_VARIABLE = YES;
				IPHONEOS_DEPLOYMENT_TARGET = 9.1;
				MTL_ENABLE_DEBUG_INFO = YES;
				ONLY_ACTIVE_ARCH = YES;
				SDKROOT = iphoneos;
				SWIFT_OPTIMIZATION_LEVEL = "-Onone";
				TARGETED_DEVICE_FAMILY = "1,2";
			};
			name = Debug;
		};
		4B7289CF1C007A9100A61B18 /* Release */ = {
			isa = XCBuildConfiguration;
			buildSettings = {
				ALWAYS_SEARCH_USER_PATHS = NO;
				CLANG_CXX_LANGUAGE_STANDARD = "gnu++0x";
				CLANG_CXX_LIBRARY = "libc++";
				CLANG_ENABLE_MODULES = YES;
				CLANG_ENABLE_OBJC_ARC = YES;
				CLANG_WARN_BOOL_CONVERSION = YES;
				CLANG_WARN_CONSTANT_CONVERSION = YES;
				CLANG_WARN_DIRECT_OBJC_ISA_USAGE = YES_ERROR;
				CLANG_WARN_EMPTY_BODY = YES;
				CLANG_WARN_ENUM_CONVERSION = YES;
				CLANG_WARN_INT_CONVERSION = YES;
				CLANG_WARN_OBJC_ROOT_CLASS = YES_ERROR;
				CLANG_WARN_UNREACHABLE_CODE = YES;
				CLANG_WARN__DUPLICATE_METHOD_MATCH = YES;
				"CODE_SIGN_IDENTITY[sdk=iphoneos*]" = "iPhone Developer";
				COPY_PHASE_STRIP = NO;
				DEBUG_INFORMATION_FORMAT = "dwarf-with-dsym";
				ENABLE_NS_ASSERTIONS = NO;
				ENABLE_STRICT_OBJC_MSGSEND = YES;
				GCC_C_LANGUAGE_STANDARD = gnu99;
				GCC_NO_COMMON_BLOCKS = YES;
				GCC_WARN_64_TO_32_BIT_CONVERSION = YES;
				GCC_WARN_ABOUT_RETURN_TYPE = YES_ERROR;
				GCC_WARN_UNDECLARED_SELECTOR = YES;
				GCC_WARN_UNINITIALIZED_AUTOS = YES_AGGRESSIVE;
				GCC_WARN_UNUSED_FUNCTION = YES;
				GCC_WARN_UNUSED_VARIABLE = YES;
				IPHONEOS_DEPLOYMENT_TARGET = 9.1;
				MTL_ENABLE_DEBUG_INFO = NO;
				SDKROOT = iphoneos;
				TARGETED_DEVICE_FAMILY = "1,2";
				VALIDATE_PRODUCT = YES;
			};
			name = Release;
		};
		4B7289D11C007A9100A61B18 /* Debug */ = {
			isa = XCBuildConfiguration;
			buildSettings = {
				ASSETCATALOG_COMPILER_APPICON_NAME = AppIcon;
				INFOPLIST_FILE = OZTagListViewDemo/Info.plist;
				LD_RUNPATH_SEARCH_PATHS = "$(inherited) @executable_path/Frameworks";
				PRODUCT_BUNDLE_IDENTIFIER = OZ.OZTagListViewDemo;
				PRODUCT_NAME = "$(TARGET_NAME)";
				SWIFT_VERSION = 5.0;
			};
			name = Debug;
		};
		4B7289D21C007A9100A61B18 /* Release */ = {
			isa = XCBuildConfiguration;
			buildSettings = {
				ASSETCATALOG_COMPILER_APPICON_NAME = AppIcon;
				INFOPLIST_FILE = OZTagListViewDemo/Info.plist;
				LD_RUNPATH_SEARCH_PATHS = "$(inherited) @executable_path/Frameworks";
				PRODUCT_BUNDLE_IDENTIFIER = OZ.OZTagListViewDemo;
				PRODUCT_NAME = "$(TARGET_NAME)";
				SWIFT_VERSION = 5.0;
			};
			name = Release;
		};
/* End XCBuildConfiguration section */

/* Begin XCConfigurationList section */
		4B7289B91C007A9100A61B18 /* Build configuration list for PBXProject "OZTagListViewDemo" */ = {
			isa = XCConfigurationList;
			buildConfigurations = (
				4B7289CE1C007A9100A61B18 /* Debug */,
				4B7289CF1C007A9100A61B18 /* Release */,
			);
			defaultConfigurationIsVisible = 0;
			defaultConfigurationName = Release;
		};
		4B7289D01C007A9100A61B18 /* Build configuration list for PBXNativeTarget "OZTagListViewDemo" */ = {
			isa = XCConfigurationList;
			buildConfigurations = (
				4B7289D11C007A9100A61B18 /* Debug */,
				4B7289D21C007A9100A61B18 /* Release */,
			);
			defaultConfigurationIsVisible = 0;
			defaultConfigurationName = Release;
		};
/* End XCConfigurationList section */
	};
	rootObject = 4B7289B61C007A9100A61B18 /* Project object */;
}
